
Microsoft Visual Studio Solution File, Format Version 12.00
# Visual Studio Version 17
VisualStudioVersion = 17.1.32421.90
MinimumVisualStudioVersion = 10.0.40219.1
Project("{FAE04EC0-301F-11D3-BF4B-00C04F79EFBC}") = "DyalogNAudio", "DyalogNAudio\DyalogNAudio.csproj", "{17DC0FCF-F506-491A-850E-5A7642A60889}"
EndProject
Global
	GlobalSection(SolutionConfigurationPlatforms) = preSolution
		Debug|Any CPU = Debug|Any CPU
		Release|Any CPU = Release|Any CPU
	EndGlobalSection
	GlobalSection(ProjectConfigurationPlatforms) = postSolution
		{17DC0FCF-F506-491A-850E-5A7642A60889}.Debug|Any CPU.ActiveCfg = Debug|Any CPU
		{17DC0FCF-F506-491A-850E-5A7642A60889}.Debug|Any CPU.Build.0 = Debug|Any CPU
		{17DC0FCF-F506-491A-850E-5A7642A60889}.Release|Any CPU.ActiveCfg = Release|Any CPU
		{17DC0FCF-F506-491A-850E-5A7642A60889}.Release|Any CPU.Build.0 = Release|Any CPU
	EndGlobalSection
	GlobalSection(SolutionProperties) = preSolution
		HideSolutionNode = FALSE
	EndGlobalSection
	GlobalSection(ExtensibilityGlobals) = postSolution
		SolutionGuid = {181B2CAA-4642-4A6D-A8DC-C6493AB94670}
	EndGlobalSection
EndGlobal
